
Microsoft Visual Studio Solution File, Format Version 12.00
# Visual Studio Version 17
VisualStudioVersion = 17.10.35013.160
MinimumVisualStudioVersion = 10.0.40219.1
Project("{FAE04EC0-301F-11D3-BF4B-00C04F79EFBC}") = "InvoiceApp", "InvoiceApp\InvoiceApp.csproj", "{9C4B6CC7-0617-4616-BB4D-B18E656907C9}"
EndProject
Project("{FAE04EC0-301F-11D3-BF4B-00C04F79EFBC}") = "InvoiceAppBL", "InvoiceAppBL\InvoiceAppBL.csproj", "{A1867B6E-73A5-40BB-B849-577F11B6E33D}"
EndProject
Global
	GlobalSection(SolutionConfigurationPlatforms) = preSolution
		Debug|Any CPU = Debug|Any CPU
		Release|Any CPU = Release|Any CPU
	EndGlobalSection
	GlobalSection(ProjectConfigurationPlatforms) = postSolution
		{9C4B6CC7-0617-4616-BB4D-B18E656907C9}.Debug|Any CPU.ActiveCfg = Debug|Any CPU
		{9C4B6CC7-0617-4616-BB4D-B18E656907C9}.Debug|Any CPU.Build.0 = Debug|Any CPU
		{9C4B6CC7-0617-4616-BB4D-B18E656907C9}.Release|Any CPU.ActiveCfg = Release|Any CPU
		{9C4B6CC7-0617-4616-BB4D-B18E656907C9}.Release|Any CPU.Build.0 = Release|Any CPU
		{A1867B6E-73A5-40BB-B849-577F11B6E33D}.Debug|Any CPU.ActiveCfg = Debug|Any CPU
		{A1867B6E-73A5-40BB-B849-577F11B6E33D}.Debug|Any CPU.Build.0 = Debug|Any CPU
		{A1867B6E-73A5-40BB-B849-577F11B6E33D}.Release|Any CPU.ActiveCfg = Release|Any CPU
		{A1867B6E-73A5-40BB-B849-577F11B6E33D}.Release|Any CPU.Build.0 = Release|Any CPU
	EndGlobalSection
	GlobalSection(SolutionProperties) = preSolution
		HideSolutionNode = FALSE
	EndGlobalSection
	GlobalSection(ExtensibilityGlobals) = postSolution
		SolutionGuid = {0EC7AD12-53E9-47B0-869B-B36EE3AAF5D6}
	EndGlobalSection
EndGlobal
